Microsoft Visual Studio Solution File, Format Version 12.00
# Visual Studio Version 16
VisualStudioVersion = 16.0.29920.165
MinimumVisualStudioVersion = 10.0.40219.1
Project("{FAE04EC0-301F-11D3-BF4B-00C04F79EFBC}") = "NDB.Covid19", "NDB.Covid19\NDB.Covid19.csproj", "{BA22DA02-405B-4356-9FBB-646B0F5E31B9}"
EndProject
Project("{FAE04EC0-301F-11D3-BF4B-00C04F79EFBC}") = "NDB.Covid19.Droid", "NDB.Covid19.Droid\NDB.Covid19.Droid.csproj", "{5E11A6DF-F252-48B7-AC79-8911658AFA40}"
EndProject
Project("{FAE04EC0-301F-11D3-BF4B-00C04F79EFBC}") = "NDB.Covid19.iOS", "NDB.Covid19.iOS\NDB.Covid19.iOS.csproj", "{ED905E97-63F8-4B85-9C02-4272BDFB5B21}"
EndProject
Project("{2150E333-8FDC-42A3-9474-1A3956D46DE8}") = "Tests", "Tests", "{07EA9751-037A-41CE-BD06-EFC51B6A971D}"
EndProject
Project("{9A19103F-16F7-4668-BE54-9A1E7A4F7556}") = "NDB.Covid19.Test", "NDB.Covid19.Test\NDB.Covid19.Test.csproj", "{32E6F9D2-3332-40EE-AD1F-25360DB5478F}"
EndProject
Global
	GlobalSection(SolutionConfigurationPlatforms) = preSolution
		AppCenter|Any CPU = AppCenter|Any CPU
		AppCenter|iPhone = AppCenter|iPhone
		AppCenter|iPhoneSimulator = AppCenter|iPhoneSimulator
		Debug|Any CPU = Debug|Any CPU
		Debug|iPhone = Debug|iPhone
		Debug|iPhoneSimulator = Debug|iPhoneSimulator
		Release|Any CPU = Release|Any CPU
		Release|iPhone = Release|iPhone
		Release|iPhoneSimulator = Release|iPhoneSimulator
		UNIT_TEST|Any CPU = UNIT_TEST|Any CPU
		UNIT_TEST|iPhone = UNIT_TEST|iPhone
		UNIT_TEST|iPhoneSimulator = UNIT_TEST|iPhoneSimulator
	EndGlobalSection
	GlobalSection(ProjectConfigurationPlatforms) = postSolution
		{BA22DA02-405B-4356-9FBB-646B0F5E31B9}.AppCenter|Any CPU.ActiveCfg = AppCenter|Any CPU
		{BA22DA02-405B-4356-9FBB-646B0F5E31B9}.AppCenter|Any CPU.Build.0 = AppCenter|Any CPU
		{BA22DA02-405B-4356-9FBB-646B0F5E31B9}.AppCenter|iPhone.ActiveCfg = AppCenter|iPhone
		{BA22DA02-405B-4356-9FBB-646B0F5E31B9}.AppCenter|iPhone.Build.0 = AppCenter|iPhone
		{BA22DA02-405B-4356-9FBB-646B0F5E31B9}.AppCenter|iPhoneSimulator.ActiveCfg = Release|Any CPU
		{BA22DA02-405B-4356-9FBB-646B0F5E31B9}.AppCenter|iPhoneSimulator.Build.0 = Release|Any CPU
		{BA22DA02-405B-4356-9FBB-646B0F5E31B9}.Debug|Any CPU.ActiveCfg = Debug|Any CPU
		{BA22DA02-405B-4356-9FBB-646B0F5E31B9}.Debug|Any CPU.Build.0 = Debug|Any CPU
		{BA22DA02-405B-4356-9FBB-646B0F5E31B9}.Debug|iPhone.ActiveCfg = Debug|Any CPU
		{BA22DA02-405B-4356-9FBB-646B0F5E31B9}.Debug|iPhone.Build.0 = Debug|Any CPU
		{BA22DA02-405B-4356-9FBB-646B0F5E31B9}.Debug|iPhoneSimulator.ActiveCfg = Debug|Any CPU
		{BA22DA02-405B-4356-9FBB-646B0F5E31B9}.Debug|iPhoneSimulator.Build.0 = Debug|Any CPU
		{BA22DA02-405B-4356-9FBB-646B0F5E31B9}.Release|Any CPU.ActiveCfg = Release|Any CPU
		{BA22DA02-405B-4356-9FBB-646B0F5E31B9}.Release|Any CPU.Build.0 = Release|Any CPU
		{BA22DA02-405B-4356-9FBB-646B0F5E31B9}.Release|iPhone.ActiveCfg = Release|Any CPU
		{BA22DA02-405B-4356-9FBB-646B0F5E31B9}.Release|iPhone.Build.0 = Release|Any CPU
		{BA22DA02-405B-4356-9FBB-646B0F5E31B9}.Release|iPhoneSimulator.ActiveCfg = Release|Any CPU
		{BA22DA02-405B-4356-9FBB-646B0F5E31B9}.Release|iPhoneSimulator.Build.0 = Release|Any CPU
		{BA22DA02-405B-4356-9FBB-646B0F5E31B9}.UNIT_TEST|Any CPU.ActiveCfg = UNIT_TEST|Any CPU
		{BA22DA02-405B-4356-9FBB-646B0F5E31B9}.UNIT_TEST|Any CPU.Build.0 = UNIT_TEST|Any CPU
		{BA22DA02-405B-4356-9FBB-646B0F5E31B9}.UNIT_TEST|iPhone.ActiveCfg = UNIT_TEST|Any CPU
		{BA22DA02-405B-4356-9FBB-646B0F5E31B9}.UNIT_TEST|iPhone.Build.0 = UNIT_TEST|Any CPU
		{BA22DA02-405B-4356-9FBB-646B0F5E31B9}.UNIT_TEST|iPhoneSimulator.ActiveCfg = UNIT_TEST|Any CPU
		{BA22DA02-405B-4356-9FBB-646B0F5E31B9}.UNIT_TEST|iPhoneSimulator.Build.0 = UNIT_TEST|Any CPU
		{5E11A6DF-F252-48B7-AC79-8911658AFA40}.AppCenter|Any CPU.ActiveCfg = AppCenter|Any CPU
		{5E11A6DF-F252-48B7-AC79-8911658AFA40}.AppCenter|Any CPU.Build.0 = AppCenter|Any CPU
		{5E11A6DF-F252-48B7-AC79-8911658AFA40}.AppCenter|Any CPU.Deploy.0 = AppCenter|Any CPU
		{5E11A6DF-F252-48B7-AC79-8911658AFA40}.AppCenter|iPhone.ActiveCfg = AppCenter|Any CPU
		{5E11A6DF-F252-48B7-AC79-8911658AFA40}.AppCenter|iPhone.Deploy.0 = AppCenter|Any CPU
		{5E11A6DF-F252-48B7-AC79-8911658AFA40}.AppCenter|iPhoneSimulator.ActiveCfg = AppCenter|Any CPU
		{5E11A6DF-F252-48B7-AC79-8911658AFA40}.AppCenter|iPhoneSimulator.Build.0 = AppCenter|Any CPU
		{5E11A6DF-F252-48B7-AC79-8911658AFA40}.AppCenter|iPhoneSimulator.Deploy.0 = AppCenter|Any CPU
		{5E11A6DF-F252-48B7-AC79-8911658AFA40}.Debug|Any CPU.ActiveCfg = Debug|Any CPU
		{5E11A6DF-F252-48B7-AC79-8911658AFA40}.Debug|Any CPU.Build.0 = Debug|Any CPU
		{5E11A6DF-F252-48B7-AC79-8911658AFA40}.Debug|Any CPU.Deploy.0 = Debug|Any CPU
		{5E11A6DF-F252-48B7-AC79-8911658AFA40}.Debug|iPhone.ActiveCfg = Debug|Any CPU
		{5E11A6DF-F252-48B7-AC79-8911658AFA40}.Debug|iPhone.Build.0 = Debug|Any CPU
		{5E11A6DF-F252-48B7-AC79-8911658AFA40}.Debug|iPhoneSimulator.ActiveCfg = Debug|Any CPU
		{5E11A6DF-F252-48B7-AC79-8911658AFA40}.Debug|iPhoneSimulator.Build.0 = Debug|Any CPU
		{5E11A6DF-F252-48B7-AC79-8911658AFA40}.Release|Any CPU.ActiveCfg = Release|Any CPU
		{5E11A6DF-F252-48B7-AC79-8911658AFA40}.Release|Any CPU.Build.0 = Release|Any CPU
		{5E11A6DF-F252-48B7-AC79-8911658AFA40}.Release|iPhone.ActiveCfg = Release|Any CPU
		{5E11A6DF-F252-48B7-AC79-8911658AFA40}.Release|iPhone.Build.0 = Release|Any CPU
		{5E11A6DF-F252-48B7-AC79-8911658AFA40}.Release|iPhoneSimulator.ActiveCfg = Release|Any CPU
		{5E11A6DF-F252-48B7-AC79-8911658AFA40}.Release|iPhoneSimulator.Build.0 = Release|Any CPU
		{5E11A6DF-F252-48B7-AC79-8911658AFA40}.UNIT_TEST|Any CPU.ActiveCfg = Debug|Any CPU
		{5E11A6DF-F252-48B7-AC79-8911658AFA40}.UNIT_TEST|iPhone.ActiveCfg = Release|Any CPU
		{5E11A6DF-F252-48B7-AC79-8911658AFA40}.UNIT_TEST|iPhone.Deploy.0 = Release|Any CPU
		{5E11A6DF-F252-48B7-AC79-8911658AFA40}.UNIT_TEST|iPhoneSimulator.ActiveCfg = Release|Any CPU
		{ED905E97-63F8-4B85-9C02-4272BDFB5B21}.AppCenter|Any CPU.ActiveCfg = AppCenter|iPhoneSimulator
		{ED905E97-63F8-4B85-9C02-4272BDFB5B21}.AppCenter|iPhone.ActiveCfg = AppCenter|iPhone
		{ED905E97-63F8-4B85-9C02-4272BDFB5B21}.AppCenter|iPhone.Build.0 = AppCenter|iPhone
		{ED905E97-63F8-4B85-9C02-4272BDFB5B21}.AppCenter|iPhoneSimulator.ActiveCfg = AppCenter|iPhoneSimulator
		{ED905E97-63F8-4B85-9C02-4272BDFB5B21}.AppCenter|iPhoneSimulator.Build.0 = AppCenter|iPhoneSimulator
		{ED905E97-63F8-4B85-9C02-4272BDFB5B21}.Debug|Any CPU.ActiveCfg = Debug|iPhoneSimulator
		{ED905E97-63F8-4B85-9C02-4272BDFB5B21}.Debug|Any CPU.Build.0 = Debug|iPhoneSimulator
		{ED905E97-63F8-4B85-9C02-4272BDFB5B21}.Debug|iPhone.ActiveCfg = Debug|iPhone
		{ED905E97-63F8-4B85-9C02-4272BDFB5B21}.Debug|iPhone.Build.0 = Debug|iPhone
		{ED905E97-63F8-4B85-9C02-4272BDFB5B21}.Debug|iPhoneSimulator.ActiveCfg = Debug|iPhoneSimulator
		{ED905E97-63F8-4B85-9C02-4272BDFB5B21}.Debug|iPhoneSimulator.Build.0 = Debug|iPhoneSimulator
		{ED905E97-63F8-4B85-9C02-4272BDFB5B21}.Release|Any CPU.ActiveCfg = Release|iPhoneSimulator
		{ED905E97-63F8-4B85-9C02-4272BDFB5B21}.Release|Any CPU.Build.0 = Release|iPhoneSimulator
		{ED905E97-63F8-4B85-9C02-4272BDFB5B21}.Release|iPhone.ActiveCfg = Release|iPhone
		{ED905E97-63F8-4B85-9C02-4272BDFB5B21}.Release|iPhone.Build.0 = Release|iPhone
		{ED905E97-63F8-4B85-9C02-4272BDFB5B21}.Release|iPhoneSimulator.ActiveCfg = Release|iPhoneSimulator
		{ED905E97-63F8-4B85-9C02-4272BDFB5B21}.Release|iPhoneSimulator.Build.0 = Release|iPhoneSimulator
		{ED905E97-63F8-4B85-9C02-4272BDFB5B21}.UNIT_TEST|Any CPU.ActiveCfg = Release|iPhone
		{ED905E97-63F8-4B85-9C02-4272BDFB5B21}.UNIT_TEST|iPhone.ActiveCfg = Release|iPhone
		{ED905E97-63F8-4B85-9C02-4272BDFB5B21}.UNIT_TEST|iPhoneSimulator.ActiveCfg = Release|iPhoneSimulator
		{0995749F-D1D2-456D-AC3C-340B98AF3ACC}.AppCenter|Any CPU.ActiveCfg = Release|Any CPU
		{0995749F-D1D2-456D-AC3C-340B98AF3ACC}.AppCenter|iPhone.ActiveCfg = AppCenter|Any CPU
		{0995749F-D1D2-456D-AC3C-340B98AF3ACC}.AppCenter|iPhone.Build.0 = AppCenter|Any CPU
		{0995749F-D1D2-456D-AC3C-340B98AF3ACC}.AppCenter|iPhoneSimulator.ActiveCfg = Release|Any CPU
		{0995749F-D1D2-456D-AC3C-340B98AF3ACC}.AppCenter|iPhoneSimulator.Build.0 = Release|Any CPU
		{0995749F-D1D2-456D-AC3C-340B98AF3ACC}.Debug|Any CPU.ActiveCfg = Debug|Any CPU
		{0995749F-D1D2-456D-AC3C-340B98AF3ACC}.Debug|Any CPU.Build.0 = Debug|Any CPU
		{0995749F-D1D2-456D-AC3C-340B98AF3ACC}.Debug|iPhone.ActiveCfg = Debug|Any CPU
		{0995749F-D1D2-456D-AC3C-340B98AF3ACC}.Debug|iPhone.Build.0 = Debug|Any CPU
		{0995749F-D1D2-456D-AC3C-340B98AF3ACC}.Debug|iPhoneSimulator.ActiveCfg = Debug|Any CPU
		{0995749F-D1D2-456D-AC3C-340B98AF3ACC}.Debug|iPhoneSimulator.Build.0 = Debug|Any CPU
		{0995749F-D1D2-456D-AC3C-340B98AF3ACC}.Release|Any CPU.ActiveCfg = Release|Any CPU
		{0995749F-D1D2-456D-AC3C-340B98AF3ACC}.Release|Any CPU.Build.0 = Release|Any CPU
		{0995749F-D1D2-456D-AC3C-340B98AF3ACC}.Release|iPhone.ActiveCfg = Release|Any CPU
		{0995749F-D1D2-456D-AC3C-340B98AF3ACC}.Release|iPhone.Build.0 = Release|Any CPU
		{0995749F-D1D2-456D-AC3C-340B98AF3ACC}.Release|iPhoneSimulator.ActiveCfg = Release|Any CPU
		{0995749F-D1D2-456D-AC3C-340B98AF3ACC}.Release|iPhoneSimulator.Build.0 = Release|Any CPU
		{0995749F-D1D2-456D-AC3C-340B98AF3ACC}.UNIT_TEST|Any CPU.ActiveCfg = Release|Any CPU
		{0995749F-D1D2-456D-AC3C-340B98AF3ACC}.UNIT_TEST|iPhone.ActiveCfg = Release|Any CPU
		{0995749F-D1D2-456D-AC3C-340B98AF3ACC}.UNIT_TEST|iPhoneSimulator.ActiveCfg = Release|Any CPU
		{3357DCC4-BAEE-4503-BBA2-1B86C307E51E}.AppCenter|Any CPU.ActiveCfg = AppCenter|Any CPU
		{3357DCC4-BAEE-4503-BBA2-1B86C307E51E}.AppCenter|Any CPU.Build.0 = AppCenter|Any CPU
		{3357DCC4-BAEE-4503-BBA2-1B86C307E51E}.AppCenter|iPhone.ActiveCfg = Release|Any CPU
		{3357DCC4-BAEE-4503-BBA2-1B86C307E51E}.AppCenter|iPhoneSimulator.ActiveCfg = Release|Any CPU
		{3357DCC4-BAEE-4503-BBA2-1B86C307E51E}.AppCenter|iPhoneSimulator.Build.0 = Release|Any CPU
		{3357DCC4-BAEE-4503-BBA2-1B86C307E51E}.Debug|Any CPU.ActiveCfg = Debug|Any CPU
		{3357DCC4-BAEE-4503-BBA2-1B86C307E51E}.Debug|Any CPU.Build.0 = Debug|Any CPU
		{3357DCC4-BAEE-4503-BBA2-1B86C307E51E}.Debug|iPhone.ActiveCfg = Debug|Any CPU
		{3357DCC4-BAEE-4503-BBA2-1B86C307E51E}.Debug|iPhone.Build.0 = Debug|Any CPU
		{3357DCC4-BAEE-4503-BBA2-1B86C307E51E}.Debug|iPhoneSimulator.ActiveCfg = Debug|Any CPU
		{3357DCC4-BAEE-4503-BBA2-1B86C307E51E}.Debug|iPhoneSimulator.Build.0 = Debug|Any CPU
		{3357DCC4-BAEE-4503-BBA2-1B86C307E51E}.Release|Any CPU.ActiveCfg = Release|Any CPU
		{3357DCC4-BAEE-4503-BBA2-1B86C307E51E}.Release|Any CPU.Build.0 = Release|Any CPU
		{3357DCC4-BAEE-4503-BBA2-1B86C307E51E}.Release|iPhone.ActiveCfg = Release|Any CPU
		{3357DCC4-BAEE-4503-BBA2-1B86C307E51E}.Release|iPhone.Build.0 = Release|Any CPU
		{3357DCC4-BAEE-4503-BBA2-1B86C307E51E}.Release|iPhoneSimulator.ActiveCfg = Release|Any CPU
		{3357DCC4-BAEE-4503-BBA2-1B86C307E51E}.Release|iPhoneSimulator.Build.0 = Release|Any CPU
		{3357DCC4-BAEE-4503-BBA2-1B86C307E51E}.UNIT_TEST|Any CPU.ActiveCfg = Release|Any CPU
		{3357DCC4-BAEE-4503-BBA2-1B86C307E51E}.UNIT_TEST|iPhone.ActiveCfg = Release|Any CPU
		{3357DCC4-BAEE-4503-BBA2-1B86C307E51E}.UNIT_TEST|iPhoneSimulator.ActiveCfg = Release|Any CPU
		{32E6F9D2-3332-40EE-AD1F-25360DB5478F}.AppCenter|Any CPU.ActiveCfg = Debug|Any CPU
		{32E6F9D2-3332-40EE-AD1F-25360DB5478F}.AppCenter|iPhone.ActiveCfg = Debug|Any CPU
		{32E6F9D2-3332-40EE-AD1F-25360DB5478F}.AppCenter|iPhoneSimulator.ActiveCfg = Debug|Any CPU
		{32E6F9D2-3332-40EE-AD1F-25360DB5478F}.AppCenter|iPhoneSimulator.Build.0 = Debug|Any CPU
		{32E6F9D2-3332-40EE-AD1F-25360DB5478F}.Debug|Any CPU.ActiveCfg = Debug|Any CPU
		{32E6F9D2-3332-40EE-AD1F-25360DB5478F}.Debug|Any CPU.Build.0 = Debug|Any CPU
		{32E6F9D2-3332-40EE-AD1F-25360DB5478F}.Debug|iPhone.ActiveCfg = Debug|Any CPU
		{32E6F9D2-3332-40EE-AD1F-25360DB5478F}.Debug|iPhone.Build.0 = Debug|Any CPU
		{32E6F9D2-3332-40EE-AD1F-25360DB5478F}.Debug|iPhoneSimulator.ActiveCfg = Debug|Any CPU
		{32E6F9D2-3332-40EE-AD1F-25360DB5478F}.Debug|iPhoneSimulator.Build.0 = Debug|Any CPU
		{32E6F9D2-3332-40EE-AD1F-25360DB5478F}.Release|Any CPU.ActiveCfg = Release|Any CPU
		{32E6F9D2-3332-40EE-AD1F-25360DB5478F}.Release|Any CPU.Build.0 = Release|Any CPU
		{32E6F9D2-3332-40EE-AD1F-25360DB5478F}.Release|iPhone.ActiveCfg = Release|Any CPU
		{32E6F9D2-3332-40EE-AD1F-25360DB5478F}.Release|iPhone.Build.0 = Release|Any CPU
		{32E6F9D2-3332-40EE-AD1F-25360DB5478F}.Release|iPhoneSimulator.ActiveCfg = Release|Any CPU
		{32E6F9D2-3332-40EE-AD1F-25360DB5478F}.Release|iPhoneSimulator.Build.0 = Release|Any CPU
		{32E6F9D2-3332-40EE-AD1F-25360DB5478F}.UNIT_TEST|Any CPU.ActiveCfg = UNIT_TEST|Any CPU
		{32E6F9D2-3332-40EE-AD1F-25360DB5478F}.UNIT_TEST|Any CPU.Build.0 = UNIT_TEST|Any CPU
		{32E6F9D2-3332-40EE-AD1F-25360DB5478F}.UNIT_TEST|iPhone.ActiveCfg = UNIT_TEST|Any CPU
		{32E6F9D2-3332-40EE-AD1F-25360DB5478F}.UNIT_TEST|iPhone.Build.0 = UNIT_TEST|Any CPU
		{32E6F9D2-3332-40EE-AD1F-25360DB5478F}.UNIT_TEST|iPhoneSimulator.ActiveCfg = UNIT_TEST|Any CPU
		{32E6F9D2-3332-40EE-AD1F-25360DB5478F}.UNIT_TEST|iPhoneSimulator.Build.0 = UNIT_TEST|Any CPU
		{BBD7A098-5A81-48AD-9F4A-ECA90EE85CCB}.AppCenter|Any CPU.ActiveCfg = AppCenter|Any CPU
		{BBD7A098-5A81-48AD-9F4A-ECA90EE85CCB}.AppCenter|Any CPU.Build.0 = AppCenter|Any CPU
		{BBD7A098-5A81-48AD-9F4A-ECA90EE85CCB}.AppCenter|iPhone.ActiveCfg = AppCenter|Any CPU
		{BBD7A098-5A81-48AD-9F4A-ECA90EE85CCB}.AppCenter|iPhone.Build.0 = AppCenter|Any CPU
		{BBD7A098-5A81-48AD-9F4A-ECA90EE85CCB}.AppCenter|iPhoneSimulator.ActiveCfg = Release|Any CPU
		{BBD7A098-5A81-48AD-9F4A-ECA90EE85CCB}.AppCenter|iPhoneSimulator.Build.0 = Release|Any CPU
		{BBD7A098-5A81-48AD-9F4A-ECA90EE85CCB}.Debug|Any CPU.ActiveCfg = Debug|Any CPU
		{BBD7A098-5A81-48AD-9F4A-ECA90EE85CCB}.Debug|Any CPU.Build.0 = Debug|Any CPU
		{BBD7A098-5A81-48AD-9F4A-ECA90EE85CCB}.Debug|iPhone.ActiveCfg = Debug|Any CPU
		{BBD7A098-5A81-48AD-9F4A-ECA90EE85CCB}.Debug|iPhone.Build.0 = Debug|Any CPU
		{BBD7A098-5A81-48AD-9F4A-ECA90EE85CCB}.Debug|iPhoneSimulator.ActiveCfg = Debug|Any CPU
		{BBD7A098-5A81-48AD-9F4A-ECA90EE85CCB}.Debug|iPhoneSimulator.Build.0 = Debug|Any CPU
		{BBD7A098-5A81-48AD-9F4A-ECA90EE85CCB}.Release|Any CPU.ActiveCfg = Release|Any CPU
		{BBD7A098-5A81-48AD-9F4A-ECA90EE85CCB}.Release|Any CPU.Build.0 = Release|Any CPU
		{BBD7A098-5A81-48AD-9F4A-ECA90EE85CCB}.Release|iPhone.ActiveCfg = Release|Any CPU
		{BBD7A098-5A81-48AD-9F4A-ECA90EE85CCB}.Release|iPhone.Build.0 = Release|Any CPU
		{BBD7A098-5A81-48AD-9F4A-ECA90EE85CCB}.Release|iPhoneSimulator.ActiveCfg = Release|Any CPU
		{BBD7A098-5A81-48AD-9F4A-ECA90EE85CCB}.Release|iPhoneSimulator.Build.0 = Release|Any CPU
		{BBD7A098-5A81-48AD-9F4A-ECA90EE85CCB}.UNIT_TEST|Any CPU.ActiveCfg = Debug|Any CPU
		{BBD7A098-5A81-48AD-9F4A-ECA90EE85CCB}.UNIT_TEST|Any CPU.Build.0 = Debug|Any CPU
		{BBD7A098-5A81-48AD-9F4A-ECA90EE85CCB}.UNIT_TEST|iPhone.ActiveCfg = Debug|Any CPU
		{BBD7A098-5A81-48AD-9F4A-ECA90EE85CCB}.UNIT_TEST|iPhone.Build.0 = Debug|Any CPU
		{BBD7A098-5A81-48AD-9F4A-ECA90EE85CCB}.UNIT_TEST|iPhoneSimulator.ActiveCfg = Debug|Any CPU
		{BBD7A098-5A81-48AD-9F4A-ECA90EE85CCB}.UNIT_TEST|iPhoneSimulator.Build.0 = Debug|Any CPU
	EndGlobalSection
	GlobalSection(SolutionProperties) = preSolution
		HideSolutionNode = FALSE
	EndGlobalSection
	GlobalSection(NestedProjects) = preSolution
		{32E6F9D2-3332-40EE-AD1F-25360DB5478F} = {07EA9751-037A-41CE-BD06-EFC51B6A971D}
	EndGlobalSection
	GlobalSection(ExtensibilityGlobals) = postSolution
		SolutionGuid = {C57DD63A-C407-41B6-A3A7-A81825B7687C}
	EndGlobalSection
EndGlobal
